
Microsoft Visual Studio Solution File, Format Version 12.00
# Visual Studio Version 16
VisualStudioVersion = 16.0.29102.190
MinimumVisualStudioVersion = 10.0.40219.1
Project("{FAE04EC0-301F-11D3-BF4B-00C04F79EFBC}") = "MTG_Deck_Builder", "MTG_Deck_Builder\MTG_Deck_Builder.csproj", "{F031F19D-AF0A-4D2C-A7B0-8EAC8DAD8BEC}"
EndProject
Global
	GlobalSection(SolutionConfigurationPlatforms) = preSolution
		Debug|Any CPU = Debug|Any CPU
		Release|Any CPU = Release|Any CPU
	EndGlobalSection
	GlobalSection(ProjectConfigurationPlatforms) = postSolution
		{F031F19D-AF0A-4D2C-A7B0-8EAC8DAD8BEC}.Debug|Any CPU.ActiveCfg = Debug|Any CPU
		{F031F19D-AF0A-4D2C-A7B0-8EAC8DAD8BEC}.Debug|Any CPU.Build.0 = Debug|Any CPU
		{F031F19D-AF0A-4D2C-A7B0-8EAC8DAD8BEC}.Release|Any CPU.ActiveCfg = Release|Any CPU
		{F031F19D-AF0A-4D2C-A7B0-8EAC8DAD8BEC}.Release|Any CPU.Build.0 = Release|Any CPU
	EndGlobalSection
	GlobalSection(SolutionProperties) = preSolution
		HideSolutionNode = FALSE
	EndGlobalSection
	GlobalSection(ExtensibilityGlobals) = postSolution
		SolutionGuid = {E14B59AD-4643-4141-AEAC-547E5F2166B9}
	EndGlobalSection
EndGlobal
